{
  "requires": true,
  "lockfileVersion": 1,
  "dependencies": {
    "@telegram-apps/init-data-node": {
      "version": "1.2.2",
      "resolved": "https://registry.npmjs.org/@telegram-apps/init-data-node/-/init-data-node-1.2.2.tgz",
      "integrity": "sha512-/nazt+7Xa+/niezRMnGMILy280SH/XqdwuGLIc/aAfblzR3j98Ze9DUdheOOPozjYKPujEEANjRG4bCtkOvoAA==",
      "requires": {
        "@telegram-apps/toolkit": "^1.1.1",
        "@telegram-apps/transformers": "^1.2.2",
        "@telegram-apps/types": "^1.2.1"
      }
    },
    "@telegram-apps/toolkit": {
      "version": "1.1.1",
      "resolved": "https://registry.npmjs.org/@telegram-apps/toolkit/-/toolkit-1.1.1.tgz",
      "integrity": "sha512-+vhKx6ngfvjyTE6Xagl3z1TPVbfx5s7xAkcYzCdHYUo6T60jLIqLgyZMcI1UPoIAMuMu1pHoO+p8QNCj/+tFmw=="
    },
    "@telegram-apps/transformers": {
      "version": "1.2.2",
      "resolved": "https://registry.npmjs.org/@telegram-apps/transformers/-/transformers-1.2.2.tgz",
      "integrity": "sha512-vvMwXckd1D7Ozc0h66PSUwF5QLrRV9HlGJFFeBuUex8QEk5mSPtsJkLiqB8aBbwuFDa91+TUSM/CxqPZO/e9YQ==",
      "requires": {
        "@telegram-apps/toolkit": "^1.1.1",
        "@telegram-apps/types": "^1.2.1"
      }
    },
    "@telegram-apps/types": {
      "version": "1.2.1",
      "resolved": "https://registry.npmjs.org/@telegram-apps/types/-/types-1.2.1.tgz",
      "integrity": "sha512-so4HLh7clur0YyMthi9KVIgWoGpZdXlFOuQjk3+Q5NAvJZ11nAheBSwPlGw/Ko92+zwvrSBE/lQyN2+p17RP+w=="
    }
  }
}
